{
  "name": "crm-peques-supabase",
  "lockfileVersion": 3,
  "requires": true,
  "packages": {
    "": {
      "name": "crm-peques-supabase",
      "devDependencies": {
        "@electric-sql/pglite": "0.3.15",
        "@electric-sql/pglite-socket": "0.0.20",
        "postgres": "3.4.5"
      },
      "engines": {
        "node": ">=22.18"
      }
    },
    "node_modules/@electric-sql/pglite": {
      "version": "0.3.15",
      "resolved": "https://registry.npmjs.org/@electric-sql/pglite/-/pglite-0.3.15.tgz",
      "integrity": "sha512-Cj++n1Mekf9ETfdc16TlDi+cDDQF0W7EcbyRHYOAeZdsAe8M/FJg18itDTSwyHfar2WIezawM9o0EKaRGVKygQ==",
      "dev": true,
      "license": "Apache-2.0"
    },
    "node_modules/@electric-sql/pglite-socket": {
      "version": "0.0.20",
      "resolved": "https://registry.npmjs.org/@electric-sql/pglite-socket/-/pglite-socket-0.0.20.tgz",
      "integrity": "sha512-J5nLGsicnD9wJHnno9r+DGxfcZWh+YJMCe0q/aCgtG6XOm9Z7fKeite8IZSNXgZeGltSigM9U/vAWZQWdgcSFg==",
      "dev": true,
      "license": "Apache-2.0",
      "bin": {
        "pglite-server": "dist/scripts/server.js"
      },
      "peerDependencies": {
        "@electric-sql/pglite": "0.3.15"
      }
    },
    "node_modules/postgres": {
      "version": "3.4.5",
      "resolved": "https://registry.npmjs.org/postgres/-/postgres-3.4.5.tgz",
      "integrity": "sha512-cDWgoah1Gez9rN3H4165peY9qfpEo+SA61oQv65O3cRUE1pOEoJWwddwcqKE8XZYjbblOJlYDlLV4h67HrEVDg==",
      "dev": true,
      "license": "Unlicense",
      "engines": {
        "node": ">=12"
      },
      "funding": {
        "type": "individual",
        "url": "https://github.com/sponsors/porsager"
      }
    }
  }
}
